%{
  "jason": {:hex, :jason, "1.4.5", "2e3a008590b0b8d7388c20293e9dcc9cf3e5d642fd2a114e4cbbb52e595d940a", [:mix], [{:decimal, "~> 1.0 or ~> 2.0 or ~> 3.0", [hex: :decimal, repo: "hexpm", optional: true]}], "hexpm", "b0c823996102bcd0239b3c2444eb00409b72f6a140c1950bc8b457d836b30684"},
  "lumis": {:hex, :lumis, "0.10.0", "4b0b773447f7dace8be7b0c93abe4d24e9b7c81034ac2757003f3ac4b7ac3450", [:mix], [{:nimble_options, "~> 1.0", [hex: :nimble_options, repo: "hexpm", optional: false]}, {:rustler, "~> 0.29", [hex: :rustler, repo: "hexpm", optional: true]}, {:rustler_precompiled, "~> 0.8", [hex: :rustler_precompiled, repo: "hexpm", optional: false]}], "hexpm", "5e3845defa32871a404d6a51ad2d8d3c423077f6f80149e632511f26460f27dc"},
  "lumis_wasm_css": {:hex, :lumis_wasm_css, "0.26.3", "76e180fa14043b69a0c8e99967b72eaae3701b69c7d6b4b2d664bc54ffc88086", [:mix], [], "hexpm", "23b9bc1ffad853e7c897eed14adc45f57c016f7ed3257b2bebd1dcba02e00e3d"},
  "lumis_wasm_elixir": {:hex, :lumis_wasm_elixir, "0.26.4", "175c4b0fb70402da764a909182ba70bd64de457c06e4db5cba3a8be67a622751", [:mix], [], "hexpm", "9a8c9a19fc030bad83b47028e713c0e90072122de8a7627cde870b120dc9e82c"},
  "lumis_wasm_html": {:hex, :lumis_wasm_html, "0.26.3", "5511dedc628e818624cd2e608d2c995cdcce9f1db11a13c55778f11391495692", [:mix], [], "hexpm", "8a78cf2eeda3547fcdc165e561abe4f3c46767996e02a4057e6e3a552ac5e952"},
  "lumis_wasm_javascript": {:hex, :lumis_wasm_javascript, "0.26.3", "116b99f801cab3c797f351218c39c7399751868eedf112d3ce642bee2d7660e3", [:mix], [], "hexpm", "1ff86bcf0301c217a9f854b6be5f606c7ad8e7c1e9dec7514f1320f4ab54d2c9"},
  "lumis_wasm_json": {:hex, :lumis_wasm_json, "0.26.4", "ff240ca5e9c0cf66ca32c135620c1258e32b32489927e502236b754ee7403251", [:mix], [], "hexpm", "ae14398c4764ba04b12adab49350231f7fcae9dc28ce2330716810d19abba96d"},
  "lumis_wasm_rust": {:hex, :lumis_wasm_rust, "0.26.4", "3ee1859a92414d19599c60d4d653a9fe612575eb6d4d3b94314bf0f7511a51e6", [:mix], [], "hexpm", "b3f61e55bd44e028c3cd7c2b7aebfc973262ad95bb3742027b5da4e652ed0685"},
  "nimble_options": {:hex, :nimble_options, "1.1.1", "e3a492d54d85fc3fd7c5baf411d9d2852922f66e69476317787a7b2bb000a61b", [:mix], [], "hexpm", "821b2470ca9442c4b6984882fe9bb0389371b8ddec4d45a9504f00a66f650b44"},
  "rustler": {:hex, :rustler, "0.38.0", "7a8906998ff0d28e3021c0a73264abcda719bda344b2e58307c6805b0f87c9b4", [:mix], [{:jason, "~> 1.0", [hex: :jason, repo: "hexpm", optional: false]}], "hexpm", "704c03c1bf66be12b031c5a389347b91c81c5cb819a24b068b0de36fe4a5652a"},
  "rustler_precompiled": {:hex, :rustler_precompiled, "0.10.0", "8f07ff0865cb09a6a0f75e11701e9a46e331e05f737da4e5b01374dcd25b68c0", [:mix], [{:rustler, "~> 0.28", [hex: :rustler, repo: "hexpm", optional: true]}], "hexpm", "c68c9dc732c12acfdf4a7fa06f4e6f48a641179e6be49a474c8a60809929c430"},
}
